
Microsoft Visual Studio Solution File, Format Version 12.00
# Visual Studio Version 17
VisualStudioVersion = 17.8.34525.116
MinimumVisualStudioVersion = 10.0.40219.1
Project("{9A19103F-16F7-4668-BE54-9A1E7A4F7556}") = "GeograficApp", "GeograficApp.csproj", "{5509C53D-1A40-4656-844F-04448B424D01}"
EndProject
Global
	GlobalSection(SolutionConfigurationPlatforms) = preSolution
		Debug|Any CPU = Debug|Any CPU
		Release|Any CPU = Release|Any CPU
	EndGlobalSection
	GlobalSection(ProjectConfigurationPlatforms) = postSolution
		{5509C53D-1A40-4656-844F-04448B424D01}.Debug|Any CPU.ActiveCfg = Debug|Any CPU
		{5509C53D-1A40-4656-844F-04448B424D01}.Debug|Any CPU.Build.0 = Debug|Any CPU
		{5509C53D-1A40-4656-844F-04448B424D01}.Release|Any CPU.ActiveCfg = Release|Any CPU
		{5509C53D-1A40-4656-844F-04448B424D01}.Release|Any CPU.Build.0 = Release|Any CPU
	EndGlobalSection
	GlobalSection(SolutionProperties) = preSolution
		HideSolutionNode = FALSE
	EndGlobalSection
	GlobalSection(ExtensibilityGlobals) = postSolution
		SolutionGuid = {BB8AF0A2-E6CB-4441-AE31-B566C1DA7D41}
	EndGlobalSection
EndGlobal
